
Microsoft Visual Studio Solution File, Format Version 12.00
# Visual Studio Version 16
VisualStudioVersion = 16.0.30907.101
MinimumVisualStudioVersion = 10.0.40219.1
Project("{FAE04EC0-301F-11D3-BF4B-00C04F79EFBC}") = "Volvo_CTC", "Volvo_CTC.csproj", "{609A0119-2305-4D5C-9A48-04B57C9CE6A4}"
EndProject
Project("{FAE04EC0-301F-11D3-BF4B-00C04F79EFBC}") = "Volvo_CTC_Tests", "..\Volvo_CTC_Tests\Volvo_CTC_Tests.csproj", "{9A184AB5-1011-4438-AA20-4F80B1FAB43A}"
EndProject
Global
	GlobalSection(SolutionConfigurationPlatforms) = preSolution
		Debug|Any CPU = Debug|Any CPU
		Release|Any CPU = Release|Any CPU
	EndGlobalSection
	GlobalSection(ProjectConfigurationPlatforms) = postSolution
		{609A0119-2305-4D5C-9A48-04B57C9CE6A4}.Debug|Any CPU.ActiveCfg = Debug|Any CPU
		{609A0119-2305-4D5C-9A48-04B57C9CE6A4}.Debug|Any CPU.Build.0 = Debug|Any CPU
		{609A0119-2305-4D5C-9A48-04B57C9CE6A4}.Release|Any CPU.ActiveCfg = Release|Any CPU
		{609A0119-2305-4D5C-9A48-04B57C9CE6A4}.Release|Any CPU.Build.0 = Release|Any CPU
		{9A184AB5-1011-4438-AA20-4F80B1FAB43A}.Debug|Any CPU.ActiveCfg = Debug|Any CPU
		{9A184AB5-1011-4438-AA20-4F80B1FAB43A}.Debug|Any CPU.Build.0 = Debug|Any CPU
		{9A184AB5-1011-4438-AA20-4F80B1FAB43A}.Release|Any CPU.ActiveCfg = Release|Any CPU
		{9A184AB5-1011-4438-AA20-4F80B1FAB43A}.Release|Any CPU.Build.0 = Release|Any CPU
	EndGlobalSection
	GlobalSection(SolutionProperties) = preSolution
		HideSolutionNode = FALSE
	EndGlobalSection
	GlobalSection(ExtensibilityGlobals) = postSolution
		SolutionGuid = {DAA5DB08-7F49-4C09-BABE-97709491EC9D}
	EndGlobalSection
EndGlobal
